// !$*UTF8*$!
{
	archiveVersion = 1;
	classes = {
	};
	objectVersion = 77;
	objects = {

/* Begin PBXBuildFile section */
		15D2DDE5E76C4F179BFFAFD2 /* Message.swift in Sources */ = {isa = PBXBuildFile; fileRef = 49D3EB0788FE48A1A6BAB7C0 /* Message.swift */; };
		2346D32130084C2A001E060F /* MailAppApp.swift in Sources */ = {isa = PBXBuildFile; fileRef = 2346D32030084C2A001E060F /* MailAppApp.swift */; };
		2346D32330084C2A001E060F /* ContentView.swift in Sources */ = {isa = PBXBuildFile; fileRef = 2346D32230084C2A001E060F /* ContentView.swift */; };
		2346D32530084C2D001E060F /* Assets.xcassets in Resources */ = {isa = PBXBuildFile; fileRef = 2346D32430084C2D001E060F /* Assets.xcassets */; };
		2346D348300868D8001E060F /* GoogleService-Info.plist in Resources */ = {isa = PBXBuildFile; fileRef = 2346D347300868D8001E060F /* GoogleService-Info.plist */; };
		2346D349300868D8001E060F /* GoogleService-Info.plist in Resources */ = {isa = PBXBuildFile; fileRef = 2346D347300868D8001E060F /* GoogleService-Info.plist */; };
		2346D34A300868D8001E060F /* GoogleService-Info.plist in Resources */ = {isa = PBXBuildFile; fileRef = 2346D347300868D8001E060F /* GoogleService-Info.plist */; };
		2346D34D30086C12001E060F /* FirebaseAuth in Frameworks */ = {isa = PBXBuildFile; productRef = 2346D34C30086C12001E060F /* FirebaseAuth */; };
		2346D34F30086C12001E060F /* FirebaseFirestore in Frameworks */ = {isa = PBXBuildFile; productRef = 2346D34E30086C12001E060F /* FirebaseFirestore */; };
		2346D35230086C71001E060F /* GoogleSignIn in Frameworks */ = {isa = PBXBuildFile; productRef = 2346D35130086C71001E060F /* GoogleSignIn */; };
		2346D35430086C71001E060F /* GoogleSignInSwift in Frameworks */ = {isa = PBXBuildFile; productRef = 2346D35330086C71001E060F /* GoogleSignInSwift */; };
		2C37CD847C8C48BCB3E14810 /* UserConfig.swift in Sources */ = {isa = PBXBuildFile; fileRef = 99C5B16088DA4C6BB2735E55 /* UserConfig.swift */; };
		3A219936AD974DBFA3FFFF62 /* Mailbox.swift in Sources */ = {isa = PBXBuildFile; fileRef = 77C7D311423749848F56AC4B /* Mailbox.swift */; };
		E6F57A08552642ED9E6D904A /* Account.swift in Sources */ = {isa = PBXBuildFile; fileRef = 087E2369AA6E4377A10B7089 /* Account.swift */; };
		C6EAC708676147AA9E01C157 /* AuthManager.swift in Sources */ = {isa = PBXBuildFile; fileRef = A824C70697B44756B416918B /* AuthManager.swift */; };
		329051C0C8C94729AB71D345 /* SyncService.swift in Sources */ = {isa = PBXBuildFile; fileRef = A3CCB05BDFC648FFA1FA12F3 /* SyncService.swift */; };
		35F836D535364D29A1395BC3 /* GmailModels.swift in Sources */ = {isa = PBXBuildFile; fileRef = B49DB1E4A6B442A09DD4BCB0 /* GmailModels.swift */; };
		BDC75770DB6342E99599D594 /* GmailAPIClient.swift in Sources */ = {isa = PBXBuildFile; fileRef = E82204BDAA784ABF8D20A749 /* GmailAPIClient.swift */; };
		1E906B6247774BC2BC42536E /* MailSyncEngine.swift in Sources */ = {isa = PBXBuildFile; fileRef = 35CDEB0AD9384C699DCA885E /* MailSyncEngine.swift */; };
		4EA08E8F3F1D400AA4965085 /* SignInView.swift in Sources */ = {isa = PBXBuildFile; fileRef = EDF15277A7404B409D0F2F55 /* SignInView.swift */; };
		B7872980C8474B5588F92111 /* SidebarView.swift in Sources */ = {isa = PBXBuildFile; fileRef = FDC98437D50C44FD97CD3A83 /* SidebarView.swift */; };
		C3A8D768B87A4021BF3FA062 /* MessageListView.swift in Sources */ = {isa = PBXBuildFile; fileRef = 867767A8C5C04486BDAABC4A /* MessageListView.swift */; };
		D1B54545D18C4133898B6DC8 /* MessageDetailView.swift in Sources */ = {isa = PBXBuildFile; fileRef = 737326DFFD8B470FA286CD79 /* MessageDetailView.swift */; };
		A783E7FF9AC3498F81FEA3FF /* SettingsView.swift in Sources */ = {isa = PBXBuildFile; fileRef = 5EE097B0A20B4BC190892A1B /* SettingsView.swift */; };
		6B76E65659D44BE0A34A97D0 /* MailRootView.swift in Sources */ = {isa = PBXBuildFile; fileRef = 0E6DB3B08712466E9FB607C7 /* MailRootView.swift */; };
		1502C3AC0306401DA96158A7 /* ComposeView.swift in Sources */ = {isa = PBXBuildFile; fileRef = E98A5C14E2AF4ED0A1F6106A /* ComposeView.swift */; };
		44C9A63E2C9D4611A2341CDB /* PeriodicSyncManager.swift in Sources */ = {isa = PBXBuildFile; fileRef = F5DD24866C1D42FABED278AB /* PeriodicSyncManager.swift */; };
		891CE035A0FE4A0BA9D824FB /* PlatformPresentation.swift in Sources */ = {isa = PBXBuildFile; fileRef = 2BF4D1B989FB4EB39369F788 /* PlatformPresentation.swift */; };
		EE3805DB0EF848E9B3BCA854 /* MailboxSelection.swift in Sources */ = {isa = PBXBuildFile; fileRef = 18699A44EA6C42BB8EEB7C1E /* MailboxSelection.swift */; };
		CE63EEC9B6114EB99E3DB7D3 /* KeychainStore.swift in Sources */ = {isa = PBXBuildFile; fileRef = 36A52420339E4AC183F883E4 /* KeychainStore.swift */; };
		B2535B1847F0453CB49172D3 /* GoogleOAuthTokenRefresher.swift in Sources */ = {isa = PBXBuildFile; fileRef = 3DB78A9D7D1C4A11A306FB28 /* GoogleOAuthTokenRefresher.swift */; };
		4F4F9AC9F7324CC0B26EAC54 /* AccountsManager.swift in Sources */ = {isa = PBXBuildFile; fileRef = 395F5103A640420B89AD50CF /* AccountsManager.swift */; };
		3BDEC8F798E242CB84ABCE81 /* AccountsView.swift in Sources */ = {isa = PBXBuildFile; fileRef = CD30E837D089497482C33E4E /* AccountsView.swift */; };
		2141937AD7E3449D8D296281 /* PinnedMailboxRef.swift in Sources */ = {isa = PBXBuildFile; fileRef = B4D9E4A6C5EB408FA5DCF5B5 /* PinnedMailboxRef.swift */; };
		6FF1A587AC544E36A759F2B7 /* HTMLMessageView.swift in Sources */ = {isa = PBXBuildFile; fileRef = 4D526EA360B24D42B84A35A3 /* HTMLMessageView.swift */; };
		92F45B6369044F4EB9128803 /* MessageAttachmentInfo.swift in Sources */ = {isa = PBXBuildFile; fileRef = 9A647C6451FA49BDA3F6D535 /* MessageAttachmentInfo.swift */; };
		9D6237E8175E466C8F9AFE62 /* AttachmentsSection.swift in Sources */ = {isa = PBXBuildFile; fileRef = 6DF8F7403C0B461596407F45 /* AttachmentsSection.swift */; };
/* End PBXBuildFile section */

/* Begin PBXContainerItemProxy section */
		2346D33330084FC5001E060F /* PBXContainerItemProxy */ = {
			isa = PBXContainerItemProxy;
			containerPortal = 2346D31530084C2A001E060F /* Project object */;
			proxyType = 1;
			remoteGlobalIDString = 2346D31C30084C2A001E060F;
			remoteInfo = MailApp;
		};
		2346D34230084FDB001E060F /* PBXContainerItemProxy */ = {
			isa = PBXContainerItemProxy;
			containerPortal = 2346D31530084C2A001E060F /* Project object */;
			proxyType = 1;
			remoteGlobalIDString = 2346D31C30084C2A001E060F;
			remoteInfo = MailApp;
		};
/* End PBXContainerItemProxy section */

/* Begin PBXFileReference section */
		087E2369AA6E4377A10B7089 /* Account.swift */ = {isa = PBXFileReference; lastKnownFileType = sourcecode.swift; path = Account.swift; sourceTree = "<group>"; };
		2346D31D30084C2A001E060F /* MailApp.app */ = {isa = PBXFileReference; explicitFileType = wrapper.application; includeInIndex = 0; path = MailApp.app; sourceTree = BUILT_PRODUCTS_DIR; };
		2346D32030084C2A001E060F /* MailAppApp.swift */ = {isa = PBXFileReference; lastKnownFileType = sourcecode.swift; path = MailAppApp.swift; sourceTree = "<group>"; };
		2346D32230084C2A001E060F /* ContentView.swift */ = {isa = PBXFileReference; lastKnownFileType = sourcecode.swift; path = ContentView.swift; sourceTree = "<group>"; };
		2346D32430084C2D001E060F /* Assets.xcassets */ = {isa = PBXFileReference; lastKnownFileType = folder.assetcatalog; path = Assets.xcassets; sourceTree = "<group>"; };
		2346D32F30084FC5001E060F /* MailAppTests.xctest */ = {isa = PBXFileReference; explicitFileType = wrapper.cfbundle; includeInIndex = 0; path = MailAppTests.xctest; sourceTree = BUILT_PRODUCTS_DIR; };
		2346D33C30084FDB001E060F /* MailAppUITests.xctest */ = {isa = PBXFileReference; explicitFileType = wrapper.cfbundle; includeInIndex = 0; path = MailAppUITests.xctest; sourceTree = BUILT_PRODUCTS_DIR; };
		2346D347300868D8001E060F /* GoogleService-Info.plist */ = {isa = PBXFileReference; lastKnownFileType = text.plist.xml; path = "GoogleService-Info.plist"; sourceTree = "<group>"; };
		2346D35530086CB9001E060F /* MailApp-Info.plist */ = {isa = PBXFileReference; lastKnownFileType = text.plist; path = "MailApp-Info.plist"; sourceTree = "<group>"; };
		49D3EB0788FE48A1A6BAB7C0 /* Message.swift */ = {isa = PBXFileReference; lastKnownFileType = sourcecode.swift; path = Message.swift; sourceTree = "<group>"; };
		77C7D311423749848F56AC4B /* Mailbox.swift */ = {isa = PBXFileReference; lastKnownFileType = sourcecode.swift; path = Mailbox.swift; sourceTree = "<group>"; };
		99C5B16088DA4C6BB2735E55 /* UserConfig.swift */ = {isa = PBXFileReference; lastKnownFileType = sourcecode.swift; path = UserConfig.swift; sourceTree = "<group>"; };
		A824C70697B44756B416918B /* AuthManager.swift */ = {isa = PBXFileReference; lastKnownFileType = sourcecode.swift; path = AuthManager.swift; sourceTree = "<group>"; };
		A3CCB05BDFC648FFA1FA12F3 /* SyncService.swift */ = {isa = PBXFileReference; lastKnownFileType = sourcecode.swift; path = SyncService.swift; sourceTree = "<group>"; };
		B49DB1E4A6B442A09DD4BCB0 /* GmailModels.swift */ = {isa = PBXFileReference; lastKnownFileType = sourcecode.swift; path = GmailModels.swift; sourceTree = "<group>"; };
		E82204BDAA784ABF8D20A749 /* GmailAPIClient.swift */ = {isa = PBXFileReference; lastKnownFileType = sourcecode.swift; path = GmailAPIClient.swift; sourceTree = "<group>"; };
		35CDEB0AD9384C699DCA885E /* MailSyncEngine.swift */ = {isa = PBXFileReference; lastKnownFileType = sourcecode.swift; path = MailSyncEngine.swift; sourceTree = "<group>"; };
		EDF15277A7404B409D0F2F55 /* SignInView.swift */ = {isa = PBXFileReference; lastKnownFileType = sourcecode.swift; path = SignInView.swift; sourceTree = "<group>"; };
		FDC98437D50C44FD97CD3A83 /* SidebarView.swift */ = {isa = PBXFileReference; lastKnownFileType = sourcecode.swift; path = SidebarView.swift; sourceTree = "<group>"; };
		867767A8C5C04486BDAABC4A /* MessageListView.swift */ = {isa = PBXFileReference; lastKnownFileType = sourcecode.swift; path = MessageListView.swift; sourceTree = "<group>"; };
		737326DFFD8B470FA286CD79 /* MessageDetailView.swift */ = {isa = PBXFileReference; lastKnownFileType = sourcecode.swift; path = MessageDetailView.swift; sourceTree = "<group>"; };
		5EE097B0A20B4BC190892A1B /* SettingsView.swift */ = {isa = PBXFileReference; lastKnownFileType = sourcecode.swift; path = SettingsView.swift; sourceTree = "<group>"; };
		0E6DB3B08712466E9FB607C7 /* MailRootView.swift */ = {isa = PBXFileReference; lastKnownFileType = sourcecode.swift; path = MailRootView.swift; sourceTree = "<group>"; };
		E98A5C14E2AF4ED0A1F6106A /* ComposeView.swift */ = {isa = PBXFileReference; lastKnownFileType = sourcecode.swift; path = ComposeView.swift; sourceTree = "<group>"; };
		F5DD24866C1D42FABED278AB /* PeriodicSyncManager.swift */ = {isa = PBXFileReference; lastKnownFileType = sourcecode.swift; path = PeriodicSyncManager.swift; sourceTree = "<group>"; };
		2BF4D1B989FB4EB39369F788 /* PlatformPresentation.swift */ = {isa = PBXFileReference; lastKnownFileType = sourcecode.swift; path = PlatformPresentation.swift; sourceTree = "<group>"; };
		18699A44EA6C42BB8EEB7C1E /* MailboxSelection.swift */ = {isa = PBXFileReference; lastKnownFileType = sourcecode.swift; path = MailboxSelection.swift; sourceTree = "<group>"; };
		36A52420339E4AC183F883E4 /* KeychainStore.swift */ = {isa = PBXFileReference; lastKnownFileType = sourcecode.swift; path = KeychainStore.swift; sourceTree = "<group>"; };
		3DB78A9D7D1C4A11A306FB28 /* GoogleOAuthTokenRefresher.swift */ = {isa = PBXFileReference; lastKnownFileType = sourcecode.swift; path = GoogleOAuthTokenRefresher.swift; sourceTree = "<group>"; };
		395F5103A640420B89AD50CF /* AccountsManager.swift */ = {isa = PBXFileReference; lastKnownFileType = sourcecode.swift; path = AccountsManager.swift; sourceTree = "<group>"; };
		CD30E837D089497482C33E4E /* AccountsView.swift */ = {isa = PBXFileReference; lastKnownFileType = sourcecode.swift; path = AccountsView.swift; sourceTree = "<group>"; };
		B4D9E4A6C5EB408FA5DCF5B5 /* PinnedMailboxRef.swift */ = {isa = PBXFileReference; lastKnownFileType = sourcecode.swift; path = PinnedMailboxRef.swift; sourceTree = "<group>"; };
		4D526EA360B24D42B84A35A3 /* HTMLMessageView.swift */ = {isa = PBXFileReference; lastKnownFileType = sourcecode.swift; path = HTMLMessageView.swift; sourceTree = "<group>"; };
		9A647C6451FA49BDA3F6D535 /* MessageAttachmentInfo.swift */ = {isa = PBXFileReference; lastKnownFileType = sourcecode.swift; path = MessageAttachmentInfo.swift; sourceTree = "<group>"; };
		6DF8F7403C0B461596407F45 /* AttachmentsSection.swift */ = {isa = PBXFileReference; lastKnownFileType = sourcecode.swift; path = AttachmentsSection.swift; sourceTree = "<group>"; };
/* End PBXFileReference section */

/* Begin PBXFileSystemSynchronizedRootGroup section */
		2346D33030084FC5001E060F /* MailAppTests */ = {
			isa = PBXFileSystemSynchronizedRootGroup;
			path = MailAppTests;
			sourceTree = "<group>";
		};
		2346D33D30084FDB001E060F /* MailAppUITests */ = {
			isa = PBXFileSystemSynchronizedRootGroup;
			path = MailAppUITests;
			sourceTree = "<group>";
		};
/* End PBXFileSystemSynchronizedRootGroup section */

/* Begin PBXFrameworksBuildPhase section */
		2346D31A30084C2A001E060F /* Frameworks */ = {
			isa = PBXFrameworksBuildPhase;
			buildActionMask = 2147483647;
			files = (
				2346D34D30086C12001E060F /* FirebaseAuth in Frameworks */,
				2346D34F30086C12001E060F /* FirebaseFirestore in Frameworks */,
				2346D35230086C71001E060F /* GoogleSignIn in Frameworks */,
				2346D35430086C71001E060F /* GoogleSignInSwift in Frameworks */,
			);
			runOnlyForDeploymentPostprocessing = 0;
		};
		2346D32C30084FC5001E060F /* Frameworks */ = {
			isa = PBXFrameworksBuildPhase;
			buildActionMask = 2147483647;
			files = (
			);
			runOnlyForDeploymentPostprocessing = 0;
		};
		2346D33930084FDB001E060F /* Frameworks */ = {
			isa = PBXFrameworksBuildPhase;
			buildActionMask = 2147483647;
			files = (
			);
			runOnlyForDeploymentPostprocessing = 0;
		};
/* End PBXFrameworksBuildPhase section */

/* Begin PBXGroup section */
		233ED8C29F3445EAA9B387C9 /* Shared */ = {
			isa = PBXGroup;
			children = (
				34A1A091FA224D7A8A4F5DF6 /* Models */,
			);
			path = Shared;
			sourceTree = "<group>";
		};
		2346D31430084C2A001E060F = {
			isa = PBXGroup;
			children = (
				2346D35530086CB9001E060F /* MailApp-Info.plist */,
				2346D347300868D8001E060F /* GoogleService-Info.plist */,
				2346D33030084FC5001E060F /* MailAppTests */,
				2346D33D30084FDB001E060F /* MailAppUITests */,
				2346D31E30084C2A001E060F /* Products */,
				2346D32430084C2D001E060F /* Assets.xcassets */,
				233ED8C29F3445EAA9B387C9 /* Shared */,
				7CE96A86F8BE45E5BF45EB64 /* Features */,
				2346D32230084C2A001E060F /* ContentView.swift */,
				2346D32030084C2A001E060F /* MailAppApp.swift */,
			);
			sourceTree = "<group>";
		};
		2346D31E30084C2A001E060F /* Products */ = {
			isa = PBXGroup;
			children = (
				2346D31D30084C2A001E060F /* MailApp.app */,
				2346D32F30084FC5001E060F /* MailAppTests.xctest */,
				2346D33C30084FDB001E060F /* MailAppUITests.xctest */,
			);
			name = Products;
			sourceTree = "<group>";
		};
		34A1A091FA224D7A8A4F5DF6 /* Models */ = {
			isa = PBXGroup;
			children = (
				087E2369AA6E4377A10B7089 /* Account.swift */,
				77C7D311423749848F56AC4B /* Mailbox.swift */,
				49D3EB0788FE48A1A6BAB7C0 /* Message.swift */,
				9A647C6451FA49BDA3F6D535 /* MessageAttachmentInfo.swift */,
				99C5B16088DA4C6BB2735E55 /* UserConfig.swift */,
			);
			path = Models;
			sourceTree = "<group>";
		};
		97F55812711549668ABAEC79 /* Auth */ = {
			isa = PBXGroup;
			children = (
				A824C70697B44756B416918B /* AuthManager.swift */,
				EDF15277A7404B409D0F2F55 /* SignInView.swift */,
				2BF4D1B989FB4EB39369F788 /* PlatformPresentation.swift */,
			);
			path = Auth;
			sourceTree = "<group>";
		};
		585E87AC90FB4B8DB6AEFEAA /* Sync */ = {
			isa = PBXGroup;
			children = (
				A3CCB05BDFC648FFA1FA12F3 /* SyncService.swift */,
			);
			path = Sync;
			sourceTree = "<group>";
		};
		7CE96A86F8BE45E5BF45EB64 /* Features */ = {
			isa = PBXGroup;
			children = (
				97F55812711549668ABAEC79 /* Auth */,
				12691E97ACFF4649ADD5C09D /* Accounts */,
				585E87AC90FB4B8DB6AEFEAA /* Sync */,
				9F926464885E41B6972C4BF9 /* MailEngine */,
				235510C92ECF4593B3A39721 /* Inbox */,
				E4A7B1DC1A8C4D6FBBC52E0E /* Compose */,
			);
			path = Features;
			sourceTree = "<group>";
		};
		9F926464885E41B6972C4BF9 /* MailEngine */ = {
			isa = PBXGroup;
			children = (
				B49DB1E4A6B442A09DD4BCB0 /* GmailModels.swift */,
				E82204BDAA784ABF8D20A749 /* GmailAPIClient.swift */,
				35CDEB0AD9384C699DCA885E /* MailSyncEngine.swift */,
				F5DD24866C1D42FABED278AB /* PeriodicSyncManager.swift */,
			);
			path = MailEngine;
			sourceTree = "<group>";
		};
		235510C92ECF4593B3A39721 /* Inbox */ = {
			isa = PBXGroup;
			children = (
				FDC98437D50C44FD97CD3A83 /* SidebarView.swift */,
				B4D9E4A6C5EB408FA5DCF5B5 /* PinnedMailboxRef.swift */,
				867767A8C5C04486BDAABC4A /* MessageListView.swift */,
				737326DFFD8B470FA286CD79 /* MessageDetailView.swift */,
				6DF8F7403C0B461596407F45 /* AttachmentsSection.swift */,
				4D526EA360B24D42B84A35A3 /* HTMLMessageView.swift */,
				5EE097B0A20B4BC190892A1B /* SettingsView.swift */,
				18699A44EA6C42BB8EEB7C1E /* MailboxSelection.swift */,
				0E6DB3B08712466E9FB607C7 /* MailRootView.swift */,
			);
			path = Inbox;
			sourceTree = "<group>";
		};
		E4A7B1DC1A8C4D6FBBC52E0E /* Compose */ = {
			isa = PBXGroup;
			children = (
				E98A5C14E2AF4ED0A1F6106A /* ComposeView.swift */,
			);
			path = Compose;
			sourceTree = "<group>";
		};
		12691E97ACFF4649ADD5C09D /* Accounts */ = {
			isa = PBXGroup;
			children = (
				36A52420339E4AC183F883E4 /* KeychainStore.swift */,
				3DB78A9D7D1C4A11A306FB28 /* GoogleOAuthTokenRefresher.swift */,
				395F5103A640420B89AD50CF /* AccountsManager.swift */,
				CD30E837D089497482C33E4E /* AccountsView.swift */,
			);
			path = Accounts;
			sourceTree = "<group>";
		};
/* End PBXGroup section */

/* Begin PBXNativeTarget section */
		2346D31C30084C2A001E060F /* MailApp */ = {
			isa = PBXNativeTarget;
			buildConfigurationList = 2346D32830084C2D001E060F /* Build configuration list for PBXNativeTarget "MailApp" */;
			buildPhases = (
				2346D31930084C2A001E060F /* Sources */,
				2346D31A30084C2A001E060F /* Frameworks */,
				2346D31B30084C2A001E060F /* Resources */,
			);
			buildRules = (
			);
			dependencies = (
			);
			name = MailApp;
			packageProductDependencies = (
				2346D34C30086C12001E060F /* FirebaseAuth */,
				2346D34E30086C12001E060F /* FirebaseFirestore */,
				2346D35130086C71001E060F /* GoogleSignIn */,
				2346D35330086C71001E060F /* GoogleSignInSwift */,
			);
			productName = MailApp;
			productReference = 2346D31D30084C2A001E060F /* MailApp.app */;
			productType = "com.apple.product-type.application";
		};
		2346D32E30084FC5001E060F /* MailAppTests */ = {
			isa = PBXNativeTarget;
			buildConfigurationList = 2346D33730084FC5001E060F /* Build configuration list for PBXNativeTarget "MailAppTests" */;
			buildPhases = (
				2346D32B30084FC5001E060F /* Sources */,
				2346D32C30084FC5001E060F /* Frameworks */,
				2346D32D30084FC5001E060F /* Resources */,
			);
			buildRules = (
			);
			dependencies = (
				2346D33430084FC5001E060F /* PBXTargetDependency */,
			);
			fileSystemSynchronizedGroups = (
				2346D33030084FC5001E060F /* MailAppTests */,
			);
			name = MailAppTests;
			packageProductDependencies = (
			);
			productName = MailAppTests;
			productReference = 2346D32F30084FC5001E060F /* MailAppTests.xctest */;
			productType = "com.apple.product-type.bundle.unit-test";
		};
		2346D33B30084FDB001E060F /* MailAppUITests */ = {
			isa = PBXNativeTarget;
			buildConfigurationList = 2346D34430084FDB001E060F /* Build configuration list for PBXNativeTarget "MailAppUITests" */;
			buildPhases = (
				2346D33830084FDB001E060F /* Sources */,
				2346D33930084FDB001E060F /* Frameworks */,
				2346D33A30084FDB001E060F /* Resources */,
			);
			buildRules = (
			);
			dependencies = (
				2346D34330084FDB001E060F /* PBXTargetDependency */,
			);
			fileSystemSynchronizedGroups = (
				2346D33D30084FDB001E060F /* MailAppUITests */,
			);
			name = MailAppUITests;
			packageProductDependencies = (
			);
			productName = MailAppUITests;
			productReference = 2346D33C30084FDB001E060F /* MailAppUITests.xctest */;
			productType = "com.apple.product-type.bundle.ui-testing";
		};
/* End PBXNativeTarget section */

/* Begin PBXProject section */
		2346D31530084C2A001E060F /* Project object */ = {
			isa = PBXProject;
			attributes = {
				BuildIndependentTargetsInParallel = 1;
				LastSwiftUpdateCheck = 2650;
				LastUpgradeCheck = 2650;
				TargetAttributes = {
					2346D31C30084C2A001E060F = {
						CreatedOnToolsVersion = 26.5;
					};
					2346D32E30084FC5001E060F = {
						CreatedOnToolsVersion = 26.5;
						TestTargetID = 2346D31C30084C2A001E060F;
					};
					2346D33B30084FDB001E060F = {
						CreatedOnToolsVersion = 26.5;
						TestTargetID = 2346D31C30084C2A001E060F;
					};
				};
			};
			buildConfigurationList = 2346D31830084C2A001E060F /* Build configuration list for PBXProject "MailApp" */;
			developmentRegion = en;
			hasScannedForEncodings = 0;
			knownRegions = (
				en,
				Base,
			);
			mainGroup = 2346D31430084C2A001E060F;
			minimizedProjectReferenceProxies = 1;
			packageReferences = (
				2346D34B30086C12001E060F /* XCRemoteSwiftPackageReference "firebase-ios-sdk" */,
				2346D35030086C71001E060F /* XCRemoteSwiftPackageReference "GoogleSignIn-iOS" */,
			);
			preferredProjectObjectVersion = 77;
			productRefGroup = 2346D31E30084C2A001E060F /* Products */;
			projectDirPath = "";
			projectRoot = "";
			targets = (
				2346D31C30084C2A001E060F /* MailApp */,
				2346D32E30084FC5001E060F /* MailAppTests */,
				2346D33B30084FDB001E060F /* MailAppUITests */,
			);
		};
/* End PBXProject section */

/* Begin PBXResourcesBuildPhase section */
		2346D31B30084C2A001E060F /* Resources */ = {
			isa = PBXResourcesBuildPhase;
			buildActionMask = 2147483647;
			files = (
				2346D32530084C2D001E060F /* Assets.xcassets in Resources */,
				2346D349300868D8001E060F /* GoogleService-Info.plist in Resources */,
			);
			runOnlyForDeploymentPostprocessing = 0;
		};
		2346D32D30084FC5001E060F /* Resources */ = {
			isa = PBXResourcesBuildPhase;
			buildActionMask = 2147483647;
			files = (
				2346D34A300868D8001E060F /* GoogleService-Info.plist in Resources */,
			);
			runOnlyForDeploymentPostprocessing = 0;
		};
		2346D33A30084FDB001E060F /* Resources */ = {
			isa = PBXResourcesBuildPhase;
			buildActionMask = 2147483647;
			files = (
				2346D348300868D8001E060F /* GoogleService-Info.plist in Resources */,
			);
			runOnlyForDeploymentPostprocessing = 0;
		};
/* End PBXResourcesBuildPhase section */

/* Begin PBXSourcesBuildPhase section */
		2346D31930084C2A001E060F /* Sources */ = {
			isa = PBXSourcesBuildPhase;
			buildActionMask = 2147483647;
			files = (
				2346D32330084C2A001E060F /* ContentView.swift in Sources */,
				2346D32130084C2A001E060F /* MailAppApp.swift in Sources */,
				E6F57A08552642ED9E6D904A /* Account.swift in Sources */,
				3A219936AD974DBFA3FFFF62 /* Mailbox.swift in Sources */,
				15D2DDE5E76C4F179BFFAFD2 /* Message.swift in Sources */,
				92F45B6369044F4EB9128803 /* MessageAttachmentInfo.swift in Sources */,
				2C37CD847C8C48BCB3E14810 /* UserConfig.swift in Sources */,
					C6EAC708676147AA9E01C157 /* AuthManager.swift in Sources */,
					329051C0C8C94729AB71D345 /* SyncService.swift in Sources */,
					35F836D535364D29A1395BC3 /* GmailModels.swift in Sources */,
					BDC75770DB6342E99599D594 /* GmailAPIClient.swift in Sources */,
					1E906B6247774BC2BC42536E /* MailSyncEngine.swift in Sources */,
					44C9A63E2C9D4611A2341CDB /* PeriodicSyncManager.swift in Sources */,
					4EA08E8F3F1D400AA4965085 /* SignInView.swift in Sources */,
					B7872980C8474B5588F92111 /* SidebarView.swift in Sources */,
					2141937AD7E3449D8D296281 /* PinnedMailboxRef.swift in Sources */,
					C3A8D768B87A4021BF3FA062 /* MessageListView.swift in Sources */,
					D1B54545D18C4133898B6DC8 /* MessageDetailView.swift in Sources */,
					9D6237E8175E466C8F9AFE62 /* AttachmentsSection.swift in Sources */,
					6FF1A587AC544E36A759F2B7 /* HTMLMessageView.swift in Sources */,
					A783E7FF9AC3498F81FEA3FF /* SettingsView.swift in Sources */,
					6B76E65659D44BE0A34A97D0 /* MailRootView.swift in Sources */,
					1502C3AC0306401DA96158A7 /* ComposeView.swift in Sources */,
					891CE035A0FE4A0BA9D824FB /* PlatformPresentation.swift in Sources */,
					EE3805DB0EF848E9B3BCA854 /* MailboxSelection.swift in Sources */,
					CE63EEC9B6114EB99E3DB7D3 /* KeychainStore.swift in Sources */,
					B2535B1847F0453CB49172D3 /* GoogleOAuthTokenRefresher.swift in Sources */,
					4F4F9AC9F7324CC0B26EAC54 /* AccountsManager.swift in Sources */,
					3BDEC8F798E242CB84ABCE81 /* AccountsView.swift in Sources */,
			);
			runOnlyForDeploymentPostprocessing = 0;
		};
		2346D32B30084FC5001E060F /* Sources */ = {
			isa = PBXSourcesBuildPhase;
			buildActionMask = 2147483647;
			files = (
			);
			runOnlyForDeploymentPostprocessing = 0;
		};
		2346D33830084FDB001E060F /* Sources */ = {
			isa = PBXSourcesBuildPhase;
			buildActionMask = 2147483647;
			files = (
			);
			runOnlyForDeploymentPostprocessing = 0;
		};
/* End PBXSourcesBuildPhase section */

/* Begin PBXTargetDependency section */
		2346D33430084FC5001E060F /* PBXTargetDependency */ = {
			isa = PBXTargetDependency;
			target = 2346D31C30084C2A001E060F /* MailApp */;
			targetProxy = 2346D33330084FC5001E060F /* PBXContainerItemProxy */;
		};
		2346D34330084FDB001E060F /* PBXTargetDependency */ = {
			isa = PBXTargetDependency;
			target = 2346D31C30084C2A001E060F /* MailApp */;
			targetProxy = 2346D34230084FDB001E060F /* PBXContainerItemProxy */;
		};
/* End PBXTargetDependency section */

/* Begin XCBuildConfiguration section */
		2346D32630084C2D001E060F /* Debug */ = {
			isa = XCBuildConfiguration;
			buildSettings = {
				ALWAYS_SEARCH_USER_PATHS = NO;
				ASSETCATALOG_COMPILER_GENERATE_SWIFT_ASSET_SYMBOL_EXTENSIONS = YES;
				CLANG_ANALYZER_NONNULL = YES;
				CLANG_ANALYZER_NUMBER_OBJECT_CONVERSION = YES_AGGRESSIVE;
				CLANG_CXX_LANGUAGE_STANDARD = "gnu++20";
				CLANG_ENABLE_MODULES = YES;
				CLANG_ENABLE_OBJC_ARC = YES;
				CLANG_ENABLE_OBJC_WEAK = YES;
				CLANG_WARN_BLOCK_CAPTURE_AUTORELEASING = YES;
				CLANG_WARN_BOOL_CONVERSION = YES;
				CLANG_WARN_COMMA = YES;
				CLANG_WARN_CONSTANT_CONVERSION = YES;
				CLANG_WARN_DEPRECATED_OBJC_IMPLEMENTATIONS = YES;
				CLANG_WARN_DIRECT_OBJC_ISA_USAGE = YES_ERROR;
				CLANG_WARN_DOCUMENTATION_COMMENTS = YES;
				CLANG_WARN_EMPTY_BODY = YES;
				CLANG_WARN_ENUM_CONVERSION = YES;
				CLANG_WARN_INFINITE_RECURSION = YES;
				CLANG_WARN_INT_CONVERSION = YES;
				CLANG_WARN_NON_LITERAL_NULL_CONVERSION = YES;
				CLANG_WARN_OBJC_IMPLICIT_RETAIN_SELF = YES;
				CLANG_WARN_OBJC_LITERAL_CONVERSION = YES;
				CLANG_WARN_OBJC_ROOT_CLASS = YES_ERROR;
				CLANG_WARN_QUOTED_INCLUDE_IN_FRAMEWORK_HEADER = YES;
				CLANG_WARN_RANGE_LOOP_ANALYSIS = YES;
				CLANG_WARN_STRICT_PROTOTYPES = YES;
				CLANG_WARN_SUSPICIOUS_MOVE = YES;
				CLANG_WARN_UNGUARDED_AVAILABILITY = YES_AGGRESSIVE;
				CLANG_WARN_UNREACHABLE_CODE = YES;
				CLANG_WARN__DUPLICATE_METHOD_MATCH = YES;
				COPY_PHASE_STRIP = NO;
				DEBUG_INFORMATION_FORMAT = dwarf;
				ENABLE_STRICT_OBJC_MSGSEND = YES;
				ENABLE_TESTABILITY = YES;
				ENABLE_USER_SCRIPT_SANDBOXING = YES;
				GCC_C_LANGUAGE_STANDARD = gnu17;
				GCC_DYNAMIC_NO_PIC = NO;
				GCC_NO_COMMON_BLOCKS = YES;
				GCC_OPTIMIZATION_LEVEL = 0;
				GCC_PREPROCESSOR_DEFINITIONS = (
					"DEBUG=1",
					"$(inherited)",
				);
				GCC_WARN_64_TO_32_BIT_CONVERSION = YES;
				GCC_WARN_ABOUT_RETURN_TYPE = YES_ERROR;
				GCC_WARN_UNDECLARED_SELECTOR = YES;
				GCC_WARN_UNINITIALIZED_AUTOS = YES_AGGRESSIVE;
				GCC_WARN_UNUSED_FUNCTION = YES;
				GCC_WARN_UNUSED_VARIABLE = YES;
				LOCALIZATION_PREFERS_STRING_CATALOGS = YES;
				MTL_ENABLE_DEBUG_INFO = INCLUDE_SOURCE;
				MTL_FAST_MATH = YES;
				ONLY_ACTIVE_ARCH = YES;
				SWIFT_ACTIVE_COMPILATION_CONDITIONS = "DEBUG $(inherited)";
				SWIFT_OPTIMIZATION_LEVEL = "-Onone";
			};
			name = Debug;
		};
		2346D32730084C2D001E060F /* Release */ = {
			isa = XCBuildConfiguration;
			buildSettings = {
				ALWAYS_SEARCH_USER_PATHS = NO;
				ASSETCATALOG_COMPILER_GENERATE_SWIFT_ASSET_SYMBOL_EXTENSIONS = YES;
				CLANG_ANALYZER_NONNULL = YES;
				CLANG_ANALYZER_NUMBER_OBJECT_CONVERSION = YES_AGGRESSIVE;
				CLANG_CXX_LANGUAGE_STANDARD = "gnu++20";
				CLANG_ENABLE_MODULES = YES;
				CLANG_ENABLE_OBJC_ARC = YES;
				CLANG_ENABLE_OBJC_WEAK = YES;
				CLANG_WARN_BLOCK_CAPTURE_AUTORELEASING = YES;
				CLANG_WARN_BOOL_CONVERSION = YES;
				CLANG_WARN_COMMA = YES;
				CLANG_WARN_CONSTANT_CONVERSION = YES;
				CLANG_WARN_DEPRECATED_OBJC_IMPLEMENTATIONS = YES;
				CLANG_WARN_DIRECT_OBJC_ISA_USAGE = YES_ERROR;
				CLANG_WARN_DOCUMENTATION_COMMENTS = YES;
				CLANG_WARN_EMPTY_BODY = YES;
				CLANG_WARN_ENUM_CONVERSION = YES;
				CLANG_WARN_INFINITE_RECURSION = YES;
				CLANG_WARN_INT_CONVERSION = YES;
				CLANG_WARN_NON_LITERAL_NULL_CONVERSION = YES;
				CLANG_WARN_OBJC_IMPLICIT_RETAIN_SELF = YES;
				CLANG_WARN_OBJC_LITERAL_CONVERSION = YES;
				CLANG_WARN_OBJC_ROOT_CLASS = YES_ERROR;
				CLANG_WARN_QUOTED_INCLUDE_IN_FRAMEWORK_HEADER = YES;
				CLANG_WARN_RANGE_LOOP_ANALYSIS = YES;
				CLANG_WARN_STRICT_PROTOTYPES = YES;
				CLANG_WARN_SUSPICIOUS_MOVE = YES;
				CLANG_WARN_UNGUARDED_AVAILABILITY = YES_AGGRESSIVE;
				CLANG_WARN_UNREACHABLE_CODE = YES;
				CLANG_WARN__DUPLICATE_METHOD_MATCH = YES;
				COPY_PHASE_STRIP = NO;
				DEBUG_INFORMATION_FORMAT = "dwarf-with-dsym";
				ENABLE_NS_ASSERTIONS = NO;
				ENABLE_STRICT_OBJC_MSGSEND = YES;
				ENABLE_USER_SCRIPT_SANDBOXING = YES;
				GCC_C_LANGUAGE_STANDARD = gnu17;
				GCC_NO_COMMON_BLOCKS = YES;
				GCC_WARN_64_TO_32_BIT_CONVERSION = YES;
				GCC_WARN_ABOUT_RETURN_TYPE = YES_ERROR;
				GCC_WARN_UNDECLARED_SELECTOR = YES;
				GCC_WARN_UNINITIALIZED_AUTOS = YES_AGGRESSIVE;
				GCC_WARN_UNUSED_FUNCTION = YES;
				GCC_WARN_UNUSED_VARIABLE = YES;
				LOCALIZATION_PREFERS_STRING_CATALOGS = YES;
				MTL_ENABLE_DEBUG_INFO = NO;
				MTL_FAST_MATH = YES;
				SWIFT_COMPILATION_MODE = wholemodule;
			};
			name = Release;
		};
		2346D32930084C2D001E060F /* Debug */ = {
			isa = XCBuildConfiguration;
			buildSettings = {
				ASSETCATALOG_COMPILER_APPICON_NAME = AppIcon;
				ASSETCATALOG_COMPILER_GLOBAL_ACCENT_COLOR_NAME = AccentColor;
				CODE_SIGN_STYLE = Automatic;
				CURRENT_PROJECT_VERSION = 1;
				ENABLE_APP_SANDBOX = YES;
				ENABLE_HARDENED_RUNTIME = YES;
				ENABLE_PREVIEWS = YES;
				ENABLE_USER_SELECTED_FILES = readonly;
				GENERATE_INFOPLIST_FILE = YES;
				INFOPLIST_FILE = "MailApp-Info.plist";
				"INFOPLIST_KEY_UIApplicationSceneManifest_Generation[sdk=iphoneos*]" = YES;
				"INFOPLIST_KEY_UIApplicationSceneManifest_Generation[sdk=iphonesimulator*]" = YES;
				"INFOPLIST_KEY_UIApplicationSupportsIndirectInputEvents[sdk=iphoneos*]" = YES;
				"INFOPLIST_KEY_UIApplicationSupportsIndirectInputEvents[sdk=iphonesimulator*]" = YES;
				"INFOPLIST_KEY_UILaunchScreen_Generation[sdk=iphoneos*]" = YES;
				"INFOPLIST_KEY_UILaunchScreen_Generation[sdk=iphonesimulator*]" = YES;
				"INFOPLIST_KEY_UIStatusBarStyle[sdk=iphoneos*]" = UIStatusBarStyleDefault;
				"INFOPLIST_KEY_UIStatusBarStyle[sdk=iphonesimulator*]" = UIStatusBarStyleDefault;
				INFOPLIST_KEY_UISupportedInterfaceOrientations_iPad = "UIInterfaceOrientationPortrait UIInterfaceOrientationPortraitUpsideDown UIInterfaceOrientationLandscapeLeft UIInterfaceOrientationLandscapeRight";
				INFOPLIST_KEY_UISupportedInterfaceOrientations_iPhone = "UIInterfaceOrientationPortrait UIInterfaceOrientationLandscapeLeft UIInterfaceOrientationLandscapeRight";
				IPHONEOS_DEPLOYMENT_TARGET = 26.5;
				LD_RUNPATH_SEARCH_PATHS = "@executable_path/Frameworks";
				"LD_RUNPATH_SEARCH_PATHS[sdk=macosx*]" = "@executable_path/../Frameworks";
				MACOSX_DEPLOYMENT_TARGET = 26.5;
				MARKETING_VERSION = 1.0;
				PRODUCT_BUNDLE_IDENTIFIER = com.jaeho.mailapp.MailApp;
				PRODUCT_NAME = "$(TARGET_NAME)";
				REGISTER_APP_GROUPS = YES;
				SDKROOT = auto;
				STRING_CATALOG_GENERATE_SYMBOLS = YES;
				SUPPORTED_PLATFORMS = "iphoneos iphonesimulator macosx xros xrsimulator";
				SWIFT_APPROACHABLE_CONCURRENCY = YES;
				SWIFT_DEFAULT_ACTOR_ISOLATION = MainActor;
				SWIFT_EMIT_LOC_STRINGS = YES;
				SWIFT_UPCOMING_FEATURE_MEMBER_IMPORT_VISIBILITY = YES;
				SWIFT_VERSION = 5.0;
				TARGETED_DEVICE_FAMILY = "1,2,7";
				XROS_DEPLOYMENT_TARGET = 26.5;
			};
			name = Debug;
		};
		2346D32A30084C2D001E060F /* Release */ = {
			isa = XCBuildConfiguration;
			buildSettings = {
				ASSETCATALOG_COMPILER_APPICON_NAME = AppIcon;
				ASSETCATALOG_COMPILER_GLOBAL_ACCENT_COLOR_NAME = AccentColor;
				CODE_SIGN_STYLE = Automatic;
				CURRENT_PROJECT_VERSION = 1;
				ENABLE_APP_SANDBOX = YES;
				ENABLE_HARDENED_RUNTIME = YES;
				ENABLE_PREVIEWS = YES;
				ENABLE_USER_SELECTED_FILES = readonly;
				GENERATE_INFOPLIST_FILE = YES;
				INFOPLIST_FILE = "MailApp-Info.plist";
				"INFOPLIST_KEY_UIApplicationSceneManifest_Generation[sdk=iphoneos*]" = YES;
				"INFOPLIST_KEY_UIApplicationSceneManifest_Generation[sdk=iphonesimulator*]" = YES;
				"INFOPLIST_KEY_UIApplicationSupportsIndirectInputEvents[sdk=iphoneos*]" = YES;
				"INFOPLIST_KEY_UIApplicationSupportsIndirectInputEvents[sdk=iphonesimulator*]" = YES;
				"INFOPLIST_KEY_UILaunchScreen_Generation[sdk=iphoneos*]" = YES;
				"INFOPLIST_KEY_UILaunchScreen_Generation[sdk=iphonesimulator*]" = YES;
				"INFOPLIST_KEY_UIStatusBarStyle[sdk=iphoneos*]" = UIStatusBarStyleDefault;
				"INFOPLIST_KEY_UIStatusBarStyle[sdk=iphonesimulator*]" = UIStatusBarStyleDefault;
				INFOPLIST_KEY_UISupportedInterfaceOrientations_iPad = "UIInterfaceOrientationPortrait UIInterfaceOrientationPortraitUpsideDown UIInterfaceOrientationLandscapeLeft UIInterfaceOrientationLandscapeRight";
				INFOPLIST_KEY_UISupportedInterfaceOrientations_iPhone = "UIInterfaceOrientationPortrait UIInterfaceOrientationLandscapeLeft UIInterfaceOrientationLandscapeRight";
				IPHONEOS_DEPLOYMENT_TARGET = 26.5;
				LD_RUNPATH_SEARCH_PATHS = "@executable_path/Frameworks";
				"LD_RUNPATH_SEARCH_PATHS[sdk=macosx*]" = "@executable_path/../Frameworks";
				MACOSX_DEPLOYMENT_TARGET = 26.5;
				MARKETING_VERSION = 1.0;
				PRODUCT_BUNDLE_IDENTIFIER = com.jaeho.mailapp.MailApp;
				PRODUCT_NAME = "$(TARGET_NAME)";
				REGISTER_APP_GROUPS = YES;
				SDKROOT = auto;
				STRING_CATALOG_GENERATE_SYMBOLS = YES;
				SUPPORTED_PLATFORMS = "iphoneos iphonesimulator macosx xros xrsimulator";
				SWIFT_APPROACHABLE_CONCURRENCY = YES;
				SWIFT_DEFAULT_ACTOR_ISOLATION = MainActor;
				SWIFT_EMIT_LOC_STRINGS = YES;
				SWIFT_UPCOMING_FEATURE_MEMBER_IMPORT_VISIBILITY = YES;
				SWIFT_VERSION = 5.0;
				TARGETED_DEVICE_FAMILY = "1,2,7";
				XROS_DEPLOYMENT_TARGET = 26.5;
			};
			name = Release;
		};
		2346D33530084FC5001E060F /* Debug */ = {
			isa = XCBuildConfiguration;
			buildSettings = {
				BUNDLE_LOADER = "$(TEST_HOST)";
				CODE_SIGN_STYLE = Automatic;
				CURRENT_PROJECT_VERSION = 1;
				GENERATE_INFOPLIST_FILE = YES;
				IPHONEOS_DEPLOYMENT_TARGET = 26.5;
				MACOSX_DEPLOYMENT_TARGET = 26.5;
				MARKETING_VERSION = 1.0;
				PRODUCT_BUNDLE_IDENTIFIER = com.jaeho.mailapp.MailAppTests;
				PRODUCT_NAME = "$(TARGET_NAME)";
				SDKROOT = auto;
				STRING_CATALOG_GENERATE_SYMBOLS = NO;
				SUPPORTED_PLATFORMS = "iphoneos iphonesimulator macosx xros xrsimulator";
				SWIFT_APPROACHABLE_CONCURRENCY = YES;
				SWIFT_EMIT_LOC_STRINGS = NO;
				SWIFT_UPCOMING_FEATURE_MEMBER_IMPORT_VISIBILITY = YES;
				SWIFT_VERSION = 5.0;
				TARGETED_DEVICE_FAMILY = "1,2,7";
				TEST_HOST = "$(BUILT_PRODUCTS_DIR)/MailApp.app/$(BUNDLE_EXECUTABLE_FOLDER_PATH)/MailApp";
				XROS_DEPLOYMENT_TARGET = 26.5;
			};
			name = Debug;
		};
		2346D33630084FC5001E060F /* Release */ = {
			isa = XCBuildConfiguration;
			buildSettings = {
				BUNDLE_LOADER = "$(TEST_HOST)";
				CODE_SIGN_STYLE = Automatic;
				CURRENT_PROJECT_VERSION = 1;
				GENERATE_INFOPLIST_FILE = YES;
				IPHONEOS_DEPLOYMENT_TARGET = 26.5;
				MACOSX_DEPLOYMENT_TARGET = 26.5;
				MARKETING_VERSION = 1.0;
				PRODUCT_BUNDLE_IDENTIFIER = com.jaeho.mailapp.MailAppTests;
				PRODUCT_NAME = "$(TARGET_NAME)";
				SDKROOT = auto;
				STRING_CATALOG_GENERATE_SYMBOLS = NO;
				SUPPORTED_PLATFORMS = "iphoneos iphonesimulator macosx xros xrsimulator";
				SWIFT_APPROACHABLE_CONCURRENCY = YES;
				SWIFT_EMIT_LOC_STRINGS = NO;
				SWIFT_UPCOMING_FEATURE_MEMBER_IMPORT_VISIBILITY = YES;
				SWIFT_VERSION = 5.0;
				TARGETED_DEVICE_FAMILY = "1,2,7";
				TEST_HOST = "$(BUILT_PRODUCTS_DIR)/MailApp.app/$(BUNDLE_EXECUTABLE_FOLDER_PATH)/MailApp";
				XROS_DEPLOYMENT_TARGET = 26.5;
			};
			name = Release;
		};
		2346D34530084FDB001E060F /* Debug */ = {
			isa = XCBuildConfiguration;
			buildSettings = {
				CODE_SIGN_STYLE = Automatic;
				CURRENT_PROJECT_VERSION = 1;
				GENERATE_INFOPLIST_FILE = YES;
				IPHONEOS_DEPLOYMENT_TARGET = 26.5;
				MACOSX_DEPLOYMENT_TARGET = 26.5;
				MARKETING_VERSION = 1.0;
				PRODUCT_BUNDLE_IDENTIFIER = com.jaeho.mailapp.MailAppUITests;
				PRODUCT_NAME = "$(TARGET_NAME)";
				SDKROOT = auto;
				STRING_CATALOG_GENERATE_SYMBOLS = NO;
				SUPPORTED_PLATFORMS = "iphoneos iphonesimulator macosx xros xrsimulator";
				SWIFT_APPROACHABLE_CONCURRENCY = YES;
				SWIFT_EMIT_LOC_STRINGS = NO;
				SWIFT_UPCOMING_FEATURE_MEMBER_IMPORT_VISIBILITY = YES;
				SWIFT_VERSION = 5.0;
				TARGETED_DEVICE_FAMILY = "1,2,7";
				TEST_TARGET_NAME = MailApp;
				XROS_DEPLOYMENT_TARGET = 26.5;
			};
			name = Debug;
		};
		2346D34630084FDB001E060F /* Release */ = {
			isa = XCBuildConfiguration;
			buildSettings = {
				CODE_SIGN_STYLE = Automatic;
				CURRENT_PROJECT_VERSION = 1;
				GENERATE_INFOPLIST_FILE = YES;
				IPHONEOS_DEPLOYMENT_TARGET = 26.5;
				MACOSX_DEPLOYMENT_TARGET = 26.5;
				MARKETING_VERSION = 1.0;
				PRODUCT_BUNDLE_IDENTIFIER = com.jaeho.mailapp.MailAppUITests;
				PRODUCT_NAME = "$(TARGET_NAME)";
				SDKROOT = auto;
				STRING_CATALOG_GENERATE_SYMBOLS = NO;
				SUPPORTED_PLATFORMS = "iphoneos iphonesimulator macosx xros xrsimulator";
				SWIFT_APPROACHABLE_CONCURRENCY = YES;
				SWIFT_EMIT_LOC_STRINGS = NO;
				SWIFT_UPCOMING_FEATURE_MEMBER_IMPORT_VISIBILITY = YES;
				SWIFT_VERSION = 5.0;
				TARGETED_DEVICE_FAMILY = "1,2,7";
				TEST_TARGET_NAME = MailApp;
				XROS_DEPLOYMENT_TARGET = 26.5;
			};
			name = Release;
		};
/* End XCBuildConfiguration section */

/* Begin XCConfigurationList section */
		2346D31830084C2A001E060F /* Build configuration list for PBXProject "MailApp" */ = {
			isa = XCConfigurationList;
			buildConfigurations = (
				2346D32630084C2D001E060F /* Debug */,
				2346D32730084C2D001E060F /* Release */,
			);
			defaultConfigurationIsVisible = 0;
			defaultConfigurationName = Release;
		};
		2346D32830084C2D001E060F /* Build configuration list for PBXNativeTarget "MailApp" */ = {
			isa = XCConfigurationList;
			buildConfigurations = (
				2346D32930084C2D001E060F /* Debug */,
				2346D32A30084C2D001E060F /* Release */,
			);
			defaultConfigurationIsVisible = 0;
			defaultConfigurationName = Release;
		};
		2346D33730084FC5001E060F /* Build configuration list for PBXNativeTarget "MailAppTests" */ = {
			isa = XCConfigurationList;
			buildConfigurations = (
				2346D33530084FC5001E060F /* Debug */,
				2346D33630084FC5001E060F /* Release */,
			);
			defaultConfigurationIsVisible = 0;
			defaultConfigurationName = Release;
		};
		2346D34430084FDB001E060F /* Build configuration list for PBXNativeTarget "MailAppUITests" */ = {
			isa = XCConfigurationList;
			buildConfigurations = (
				2346D34530084FDB001E060F /* Debug */,
				2346D34630084FDB001E060F /* Release */,
			);
			defaultConfigurationIsVisible = 0;
			defaultConfigurationName = Release;
		};
/* End XCConfigurationList section */

/* Begin XCRemoteSwiftPackageReference section */
		2346D34B30086C12001E060F /* XCRemoteSwiftPackageReference "firebase-ios-sdk" */ = {
			isa = XCRemoteSwiftPackageReference;
			repositoryURL = "https://github.com/firebase/firebase-ios-sdk";
			requirement = {
				kind = upToNextMajorVersion;
				minimumVersion = 12.16.0;
			};
		};
		2346D35030086C71001E060F /* XCRemoteSwiftPackageReference "GoogleSignIn-iOS" */ = {
			isa = XCRemoteSwiftPackageReference;
			repositoryURL = "https://github.com/google/GoogleSignIn-iOS";
			requirement = {
				kind = upToNextMajorVersion;
				minimumVersion = 9.2.0;
			};
		};
/* End XCRemoteSwiftPackageReference section */

/* Begin XCSwiftPackageProductDependency section */
		2346D34C30086C12001E060F /* FirebaseAuth */ = {
			isa = XCSwiftPackageProductDependency;
			package = 2346D34B30086C12001E060F /* XCRemoteSwiftPackageReference "firebase-ios-sdk" */;
			productName = FirebaseAuth;
		};
		2346D34E30086C12001E060F /* FirebaseFirestore */ = {
			isa = XCSwiftPackageProductDependency;
			package = 2346D34B30086C12001E060F /* XCRemoteSwiftPackageReference "firebase-ios-sdk" */;
			productName = FirebaseFirestore;
		};
		2346D35130086C71001E060F /* GoogleSignIn */ = {
			isa = XCSwiftPackageProductDependency;
			package = 2346D35030086C71001E060F /* XCRemoteSwiftPackageReference "GoogleSignIn-iOS" */;
			productName = GoogleSignIn;
		};
		2346D35330086C71001E060F /* GoogleSignInSwift */ = {
			isa = XCSwiftPackageProductDependency;
			package = 2346D35030086C71001E060F /* XCRemoteSwiftPackageReference "GoogleSignIn-iOS" */;
			productName = GoogleSignInSwift;
		};
/* End XCSwiftPackageProductDependency section */
	};
	rootObject = 2346D31530084C2A001E060F /* Project object */;
}
